
Microsoft Visual Studio Solution File, Format Version 12.00
# Visual Studio Version 17
VisualStudioVersion = 17.2.32630.192
MinimumVisualStudioVersion = 10.0.40219.1
Project("{2150E333-8FDC-42A3-9474-1A3956D46DE8}") = "Services", "Services", "{EBF0FD4D-EE85-44A7-9293-ACE63D843D93}"
EndProject
Project("{2150E333-8FDC-42A3-9474-1A3956D46DE8}") = "Catalog", "Catalog", "{526E0912-D5FD-410F-85E3-4556BFE0EB9E}"
EndProject
Project("{9A19103F-16F7-4668-BE54-9A1E7A4F7556}") = "Catalog.API", "Services\Catalog\Catalog.API\Catalog.API.csproj", "{65044455-0F90-4212-9F9E-542B8CF27AF4}"
EndProject
Project("{E53339B2-1760-4266-BCC7-CA923CBCF16C}") = "docker-compose", "docker-compose.dcproj", "{D8EF1120-4B40-4AED-8EE0-331A40AFFFA0}"
EndProject
Project("{2150E333-8FDC-42A3-9474-1A3956D46DE8}") = "Basket", "Basket", "{C60419FD-BF64-416B-9EC2-598011F62868}"
EndProject
Project("{9A19103F-16F7-4668-BE54-9A1E7A4F7556}") = "Basket.API", "Services\Basket\Basket.API\Basket.API.csproj", "{53DB39F3-B3DE-484A-A9A6-5C7B38C21253}"
EndProject
Project("{2150E333-8FDC-42A3-9474-1A3956D46DE8}") = "Discount", "Discount", "{6A5CFDF3-1DB2-45E9-858C-0B1FD39B434D}"
EndProject
Project("{FAE04EC0-301F-11D3-BF4B-00C04F79EFBC}") = "Discount.API", "Services\Discount\Discount.API\Discount.API.csproj", "{BBB535EC-7851-463B-8BE4-E91853082B81}"
EndProject
Project("{FAE04EC0-301F-11D3-BF4B-00C04F79EFBC}") = "Discount.Grpc", "Services\Discount\Discount.Grpc\Discount.Grpc.csproj", "{3EF9C82D-FF8C-4054-8441-FE72FB8D27C4}"
EndProject
Project("{2150E333-8FDC-42A3-9474-1A3956D46DE8}") = "Ordering", "Ordering", "{B3506126-138F-4923-8940-E8B87435118C}"
EndProject
Project("{FAE04EC0-301F-11D3-BF4B-00C04F79EFBC}") = "Ordering.API", "Services\Ordering\Ordering.API\Ordering.API.csproj", "{4FF8C7C9-FF4C-4E38-8A41-DA493DCBED78}"
EndProject
Global
	GlobalSection(SolutionConfigurationPlatforms) = preSolution
		Debug|Any CPU = Debug|Any CPU
		Release|Any CPU = Release|Any CPU
	EndGlobalSection
	GlobalSection(ProjectConfigurationPlatforms) = postSolution
		{65044455-0F90-4212-9F9E-542B8CF27AF4}.Debug|Any CPU.ActiveCfg = Debug|Any CPU
		{65044455-0F90-4212-9F9E-542B8CF27AF4}.Debug|Any CPU.Build.0 = Debug|Any CPU
		{65044455-0F90-4212-9F9E-542B8CF27AF4}.Release|Any CPU.ActiveCfg = Release|Any CPU
		{65044455-0F90-4212-9F9E-542B8CF27AF4}.Release|Any CPU.Build.0 = Release|Any CPU
		{D8EF1120-4B40-4AED-8EE0-331A40AFFFA0}.Debug|Any CPU.ActiveCfg = Debug|Any CPU
		{D8EF1120-4B40-4AED-8EE0-331A40AFFFA0}.Debug|Any CPU.Build.0 = Debug|Any CPU
		{D8EF1120-4B40-4AED-8EE0-331A40AFFFA0}.Release|Any CPU.ActiveCfg = Release|Any CPU
		{D8EF1120-4B40-4AED-8EE0-331A40AFFFA0}.Release|Any CPU.Build.0 = Release|Any CPU
		{53DB39F3-B3DE-484A-A9A6-5C7B38C21253}.Debug|Any CPU.ActiveCfg = Debug|Any CPU
		{53DB39F3-B3DE-484A-A9A6-5C7B38C21253}.Debug|Any CPU.Build.0 = Debug|Any CPU
		{53DB39F3-B3DE-484A-A9A6-5C7B38C21253}.Release|Any CPU.ActiveCfg = Release|Any CPU
		{53DB39F3-B3DE-484A-A9A6-5C7B38C21253}.Release|Any CPU.Build.0 = Release|Any CPU
		{BBB535EC-7851-463B-8BE4-E91853082B81}.Debug|Any CPU.ActiveCfg = Debug|Any CPU
		{BBB535EC-7851-463B-8BE4-E91853082B81}.Debug|Any CPU.Build.0 = Debug|Any CPU
		{BBB535EC-7851-463B-8BE4-E91853082B81}.Release|Any CPU.ActiveCfg = Release|Any CPU
		{BBB535EC-7851-463B-8BE4-E91853082B81}.Release|Any CPU.Build.0 = Release|Any CPU
		{3EF9C82D-FF8C-4054-8441-FE72FB8D27C4}.Debug|Any CPU.ActiveCfg = Debug|Any CPU
		{3EF9C82D-FF8C-4054-8441-FE72FB8D27C4}.Debug|Any CPU.Build.0 = Debug|Any CPU
		{3EF9C82D-FF8C-4054-8441-FE72FB8D27C4}.Release|Any CPU.ActiveCfg = Release|Any CPU
		{3EF9C82D-FF8C-4054-8441-FE72FB8D27C4}.Release|Any CPU.Build.0 = Release|Any CPU
		{4FF8C7C9-FF4C-4E38-8A41-DA493DCBED78}.Debug|Any CPU.ActiveCfg = Debug|Any CPU
		{4FF8C7C9-FF4C-4E38-8A41-DA493DCBED78}.Debug|Any CPU.Build.0 = Debug|Any CPU
		{4FF8C7C9-FF4C-4E38-8A41-DA493DCBED78}.Release|Any CPU.ActiveCfg = Release|Any CPU
		{4FF8C7C9-FF4C-4E38-8A41-DA493DCBED78}.Release|Any CPU.Build.0 = Release|Any CPU
	EndGlobalSection
	GlobalSection(SolutionProperties) = preSolution
		HideSolutionNode = FALSE
	EndGlobalSection
	GlobalSection(NestedProjects) = preSolution
		{526E0912-D5FD-410F-85E3-4556BFE0EB9E} = {EBF0FD4D-EE85-44A7-9293-ACE63D843D93}
		{65044455-0F90-4212-9F9E-542B8CF27AF4} = {526E0912-D5FD-410F-85E3-4556BFE0EB9E}
		{C60419FD-BF64-416B-9EC2-598011F62868} = {EBF0FD4D-EE85-44A7-9293-ACE63D843D93}
		{53DB39F3-B3DE-484A-A9A6-5C7B38C21253} = {C60419FD-BF64-416B-9EC2-598011F62868}
		{6A5CFDF3-1DB2-45E9-858C-0B1FD39B434D} = {EBF0FD4D-EE85-44A7-9293-ACE63D843D93}
		{BBB535EC-7851-463B-8BE4-E91853082B81} = {6A5CFDF3-1DB2-45E9-858C-0B1FD39B434D}
		{3EF9C82D-FF8C-4054-8441-FE72FB8D27C4} = {6A5CFDF3-1DB2-45E9-858C-0B1FD39B434D}
		{B3506126-138F-4923-8940-E8B87435118C} = {EBF0FD4D-EE85-44A7-9293-ACE63D843D93}
		{4FF8C7C9-FF4C-4E38-8A41-DA493DCBED78} = {B3506126-138F-4923-8940-E8B87435118C}
	EndGlobalSection
	GlobalSection(ExtensibilityGlobals) = postSolution
		SolutionGuid = {9D3AB2E0-9CB3-40BC-B167-D950487DB824}
	EndGlobalSection
EndGlobal
